
Microsoft Visual Studio Solution File, Format Version 12.00
# Visual Studio Version 17
VisualStudioVersion = 17.8.34330.188
MinimumVisualStudioVersion = 10.0.40219.1
Project("{FAE04EC0-301F-11D3-BF4B-00C04F79EFBC}") = "eCommerce", "eCommerce\eCommerce.csproj", "{EA96E547-E963-4E40-917F-A363B7F56333}"
EndProject
Global
	GlobalSection(SolutionConfigurationPlatforms) = preSolution
		Debug|Any CPU = Debug|Any CPU
		Release|Any CPU = Release|Any CPU
	EndGlobalSection
	GlobalSection(ProjectConfigurationPlatforms) = postSolution
		{EA96E547-E963-4E40-917F-A363B7F56333}.Debug|Any CPU.ActiveCfg = Debug|Any CPU
		{EA96E547-E963-4E40-917F-A363B7F56333}.Debug|Any CPU.Build.0 = Debug|Any CPU
		{EA96E547-E963-4E40-917F-A363B7F56333}.Release|Any CPU.ActiveCfg = Release|Any CPU
		{EA96E547-E963-4E40-917F-A363B7F56333}.Release|Any CPU.Build.0 = Release|Any CPU
	EndGlobalSection
	GlobalSection(SolutionProperties) = preSolution
		HideSolutionNode = FALSE
	EndGlobalSection
	GlobalSection(ExtensibilityGlobals) = postSolution
		SolutionGuid = {E7D05812-AD83-4625-8F7F-D2B328C10486}
	EndGlobalSection
EndGlobal
